Microsoft Visual Studio Solution File, Format Version 11.00
# Visual Studio 2008

Project("{9D694E7B-8592-16D3-7CD4-AAB28DA02217}") = "Tanks Eduardo", "Assembly-CSharp-firstpass.csproj", "{EFE8868C-8D8B-09B5-93DD-C98D05518D13}"
EndProject
Project("{9D694E7B-8592-16D3-7CD4-AAB28DA02217}") = "Tanks Eduardo", "Assembly-CSharp.csproj", "{5C633A6F-27ED-4E5B-628B-F4AEEB63B299}"
EndProject
Project("{9D694E7B-8592-16D3-7CD4-AAB28DA02217}") = "Tanks Eduardo", "Assembly-CSharp-Editor.csproj", "{7EF8D017-CDBE-7CA3-9F9E-BAC092C0AB4E}"
EndProject
Global
	GlobalSection(SolutionConfigurationPlatforms) = preSolution
		Debug|Any CPU = Debug|Any CPU
		Release|Any CPU = Release|Any CPU
	EndGlobalSection
	GlobalSection(ProjectConfigurationPlatforms) = postSolution
		{EFE8868C-8D8B-09B5-93DD-C98D05518D13}.Debug|Any CPU.ActiveCfg = Debug|Any CPU
		{EFE8868C-8D8B-09B5-93DD-C98D05518D13}.Debug|Any CPU.Build.0 = Debug|Any CPU
		{EFE8868C-8D8B-09B5-93DD-C98D05518D13}.Release|Any CPU.ActiveCfg = Release|Any CPU
		{EFE8868C-8D8B-09B5-93DD-C98D05518D13}.Release|Any CPU.Build.0 = Release|Any CPU
		{5C633A6F-27ED-4E5B-628B-F4AEEB63B299}.Debug|Any CPU.ActiveCfg = Debug|Any CPU
		{5C633A6F-27ED-4E5B-628B-F4AEEB63B299}.Debug|Any CPU.Build.0 = Debug|Any CPU
		{5C633A6F-27ED-4E5B-628B-F4AEEB63B299}.Release|Any CPU.ActiveCfg = Release|Any CPU
		{5C633A6F-27ED-4E5B-628B-F4AEEB63B299}.Release|Any CPU.Build.0 = Release|Any CPU
		{7EF8D017-CDBE-7CA3-9F9E-BAC092C0AB4E}.Debug|Any CPU.ActiveCfg = Debug|Any CPU
		{7EF8D017-CDBE-7CA3-9F9E-BAC092C0AB4E}.Debug|Any CPU.Build.0 = Debug|Any CPU
		{7EF8D017-CDBE-7CA3-9F9E-BAC092C0AB4E}.Release|Any CPU.ActiveCfg = Release|Any CPU
		{7EF8D017-CDBE-7CA3-9F9E-BAC092C0AB4E}.Release|Any CPU.Build.0 = Release|Any CPU
	EndGlobalSection
	GlobalSection(SolutionProperties) = preSolution
		HideSolutionNode = FALSE
	EndGlobalSection
	GlobalSection(MonoDevelopProperties) = preSolution
		StartupItem = Assembly-CSharp.csproj
	EndGlobalSection
EndGlobal
